
Microsoft Visual Studio Solution File, Format Version 12.00
# Visual Studio Version 17
VisualStudioVersion = 17.0.31912.275
MinimumVisualStudioVersion = 10.0.40219.1
Project("{FAE04EC0-301F-11D3-BF4B-00C04F79EFBC}") = "ZipParser", "ZipParser.csproj", "{FE3A1DC3-E7BC-49C7-B79B-337C81DA3468}"
EndProject
Project("{FAE04EC0-301F-11D3-BF4B-00C04F79EFBC}") = "ZipParserUnitTests", "..\ZipParserUnitTests\ZipParserUnitTests.csproj", "{45B71147-5E95-480D-B925-113949D1FF44}"
EndProject
Global
	GlobalSection(SolutionConfigurationPlatforms) = preSolution
		Debug|Any CPU = Debug|Any CPU
		Release|Any CPU = Release|Any CPU
	EndGlobalSection
	GlobalSection(ProjectConfigurationPlatforms) = postSolution
		{FE3A1DC3-E7BC-49C7-B79B-337C81DA3468}.Debug|Any CPU.ActiveCfg = Debug|Any CPU
		{FE3A1DC3-E7BC-49C7-B79B-337C81DA3468}.Debug|Any CPU.Build.0 = Debug|Any CPU
		{FE3A1DC3-E7BC-49C7-B79B-337C81DA3468}.Release|Any CPU.ActiveCfg = Release|Any CPU
		{FE3A1DC3-E7BC-49C7-B79B-337C81DA3468}.Release|Any CPU.Build.0 = Release|Any CPU
		{45B71147-5E95-480D-B925-113949D1FF44}.Debug|Any CPU.ActiveCfg = Debug|Any CPU
		{45B71147-5E95-480D-B925-113949D1FF44}.Debug|Any CPU.Build.0 = Debug|Any CPU
		{45B71147-5E95-480D-B925-113949D1FF44}.Release|Any CPU.ActiveCfg = Release|Any CPU
		{45B71147-5E95-480D-B925-113949D1FF44}.Release|Any CPU.Build.0 = Release|Any CPU
	EndGlobalSection
	GlobalSection(SolutionProperties) = preSolution
		HideSolutionNode = FALSE
	EndGlobalSection
	GlobalSection(ExtensibilityGlobals) = postSolution
		SolutionGuid = {2F07E6FB-FCC3-4A9B-9BE9-B6C8B30EC414}
	EndGlobalSection
EndGlobal
